
Microsoft Visual Studio Solution File, Format Version 12.00
# Visual Studio 15
VisualStudioVersion = 15.0.27703.2035
MinimumVisualStudioVersion = 10.0.40219.1
Project("{FAE04EC0-301F-11D3-BF4B-00C04F79EFBC}") = "QLBT", "QLBT\QLBT.csproj", "{37D4A147-F107-47C0-B148-6D9B7FFEC92B}"
EndProject
Global
	GlobalSection(SolutionConfigurationPlatforms) = preSolution
		Debug|Any CPU = Debug|Any CPU
		Release|Any CPU = Release|Any CPU
	EndGlobalSection
	GlobalSection(ProjectConfigurationPlatforms) = postSolution
		{37D4A147-F107-47C0-B148-6D9B7FFEC92B}.Debug|Any CPU.ActiveCfg = Debug|Any CPU
		{37D4A147-F107-47C0-B148-6D9B7FFEC92B}.Debug|Any CPU.Build.0 = Debug|Any CPU
		{37D4A147-F107-47C0-B148-6D9B7FFEC92B}.Release|Any CPU.ActiveCfg = Release|Any CPU
		{37D4A147-F107-47C0-B148-6D9B7FFEC92B}.Release|Any CPU.Build.0 = Release|Any CPU
	EndGlobalSection
	GlobalSection(SolutionProperties) = preSolution
		HideSolutionNode = FALSE
	EndGlobalSection
	GlobalSection(ExtensibilityGlobals) = postSolution
		SolutionGuid = {AD0DA62D-47F8-4BA3-A06D-23B11573D93D}
	EndGlobalSection
EndGlobal
